
Microsoft Visual Studio Solution File, Format Version 12.00
# Visual Studio Version 17
VisualStudioVersion = 17.13.35825.156
MinimumVisualStudioVersion = 10.0.40219.1
Project("{FAE04EC0-301F-11D3-BF4B-00C04F79EFBC}") = "WpfApp1", "WpfApp1\WpfApp1.csproj", "{42D89C6E-6CA7-4AAA-BF7D-DDF12FA3EA0D}"
EndProject
Project("{54435603-DBB4-11D2-8724-00A0C9A8B90C}") = "App1Setup", "App1Setup\App1Setup.vdproj", "{5A24E73C-8AD5-48E8-E3E9-DB700F25EB67}"
EndProject
Global
	GlobalSection(SolutionConfigurationPlatforms) = preSolution
		Debug|Any CPU = Debug|Any CPU
		Release|Any CPU = Release|Any CPU
	EndGlobalSection
	GlobalSection(ProjectConfigurationPlatforms) = postSolution
		{42D89C6E-6CA7-4AAA-BF7D-DDF12FA3EA0D}.Debug|Any CPU.ActiveCfg = Debug|Any CPU
		{42D89C6E-6CA7-4AAA-BF7D-DDF12FA3EA0D}.Debug|Any CPU.Build.0 = Debug|Any CPU
		{42D89C6E-6CA7-4AAA-BF7D-DDF12FA3EA0D}.Release|Any CPU.ActiveCfg = Release|Any CPU
		{42D89C6E-6CA7-4AAA-BF7D-DDF12FA3EA0D}.Release|Any CPU.Build.0 = Release|Any CPU
		{5A24E73C-8AD5-48E8-E3E9-DB700F25EB67}.Debug|Any CPU.ActiveCfg = Debug
		{5A24E73C-8AD5-48E8-E3E9-DB700F25EB67}.Release|Any CPU.ActiveCfg = Release
	EndGlobalSection
	GlobalSection(SolutionProperties) = preSolution
		HideSolutionNode = FALSE
	EndGlobalSection
	GlobalSection(ExtensibilityGlobals) = postSolution
		SolutionGuid = {18C2CDB5-C754-411F-A382-C4B2B7171C27}
	EndGlobalSection
EndGlobal
